{
  "originHash" : "75d7be849aacddde67c0624b332415f37a0e643c15286f77a7da9f3b753dfc23",
  "pins" : [
    {
      "identity" : "saneui",
      "kind" : "remoteSourceControl",
      "location" : "https://github.com/sane-apps/SaneUI.git",
      "state" : {
        "branch" : "main",
        "revision" : "81af1b69b4aefc35eea8af1a3aadb43ced95db4e"
      }
    },
    {
      "identity" : "sparkle",
      "kind" : "remoteSourceControl",
      "location" : "https://github.com/sparkle-project/Sparkle",
      "state" : {
        "revision" : "5581748cef2bae787496fe6d61139aebe0a451f6",
        "version" : "2.8.1"
      }
    }
  ],
  "version" : 3
}
